// !$*UTF8*$!
{
	archiveVersion = 1;
	classes = {
	};
	objectVersion = 50;
	objects = {

/* Begin PBXBuildFile section */
		BF3A8DDC226019AA00389F2E /* main.cpp in Sources */ = {isa = PBXBuildFile; fileRef = BF3A8DDB226019AA00389F2E /* main.cpp */; };
/* End PBXBuildFile section */

/* Begin PBXFileReference section */
		BF3A8DD8226019AA00389F2E /* sfml_clt */ = {isa = PBXFileReference; explicitFileType = "compiled.mach-o.executable"; includeInIndex = 0; path = sfml_clt; sourceTree = BUILT_PRODUCTS_DIR; };
		BF3A8DDB226019AA00389F2E /* main.cpp */ = {isa = PBXFileReference; lastKnownFileType = sourcecode.cpp.cpp; path = main.cpp; sourceTree = "<group>"; };
		BF3A8DDE226019AA00389F2E /* cute_image.jpg */ = {isa = PBXFileReference; lastKnownFileType = image.jpeg; path = cute_image.jpg; sourceTree = "<group>"; };
		BF3A8DDF226019AA00389F2E /* nice_music.ogg */ = {isa = PBXFileReference; lastKnownFileType = file; path = nice_music.ogg; sourceTree = "<group>"; };
		BF3A8DE0226019AA00389F2E /* sansation.ttf */ = {isa = PBXFileReference; lastKnownFileType = file; path = sansation.ttf; sourceTree = "<group>"; };
		BF3A8DE1226019AA00389F2E /* icon.png */ = {isa = PBXFileReference; lastKnownFileType = image.png; path = icon.png; sourceTree = "<group>"; };
/* End PBXFileReference section */

/* Begin PBXFrameworksBuildPhase section */
		BF3A8DD6226019AA00389F2E /* Frameworks */ = {
			isa = PBXFrameworksBuildPhase;
			buildActionMask = 2147483647;
			files = (
			);
			runOnlyForDeploymentPostprocessing = 0;
		};
/* End PBXFrameworksBuildPhase section */

/* Begin PBXGroup section */
		BF3A8DD0226019AA00389F2E = {
			isa = PBXGroup;
			children = (
				BF3A8DDA226019AA00389F2E /* sfml_clt */,
				BF3A8DD9226019AA00389F2E /* Products */,
			);
			sourceTree = "<group>";
		};
		BF3A8DD9226019AA00389F2E /* Products */ = {
			isa = PBXGroup;
			children = (
				BF3A8DD8226019AA00389F2E /* sfml_clt */,
			);
			name = Products;
			sourceTree = "<group>";
		};
		BF3A8DDA226019AA00389F2E /* sfml_clt */ = {
			isa = PBXGroup;
			children = (
				BF3A8DDB226019AA00389F2E /* main.cpp */,
				BF3A8DDD226019AA00389F2E /* Resources */,
			);
			path = sfml_clt;
			sourceTree = "<group>";
		};
		BF3A8DDD226019AA00389F2E /* Resources */ = {
			isa = PBXGroup;
			children = (
				BF3A8DDE226019AA00389F2E /* cute_image.jpg */,
				BF3A8DDF226019AA00389F2E /* nice_music.ogg */,
				BF3A8DE0226019AA00389F2E /* sansation.ttf */,
				BF3A8DE1226019AA00389F2E /* icon.png */,
			);
			name = Resources;
			sourceTree = "<group>";
		};
/* End PBXGroup section */

/* Begin PBXNativeTarget section */
		BF3A8DD7226019AA00389F2E /* sfml_clt */ = {
			isa = PBXNativeTarget;
			buildConfigurationList = BF3A8DE4226019AA00389F2E /* Build configuration list for PBXNativeTarget "sfml_clt" */;
			buildPhases = (
				BF3A8DD5226019AA00389F2E /* Sources */,
				BF3A8DD6226019AA00389F2E /* Frameworks */,
			);
			buildRules = (
			);
			dependencies = (
			);
			name = sfml_clt;
			productName = sfml_clt;
			productReference = BF3A8DD8226019AA00389F2E /* sfml_clt */;
			productType = "com.apple.product-type.tool";
		};
/* End PBXNativeTarget section */

/* Begin PBXProject section */
		BF3A8DD1226019AA00389F2E /* Project object */ = {
			isa = PBXProject;
			attributes = {
				LastUpgradeCheck = 1020;
				ORGANIZATIONNAME = "Ronald Tran";
				TargetAttributes = {
					BF3A8DD7226019AA00389F2E = {
						CreatedOnToolsVersion = 10.2;
					};
				};
			};
			buildConfigurationList = BF3A8DD4226019AA00389F2E /* Build configuration list for PBXProject "sfml_clt" */;
			compatibilityVersion = "Xcode 9.3";
			developmentRegion = en;
			hasScannedForEncodings = 0;
			knownRegions = (
				en,
			);
			mainGroup = BF3A8DD0226019AA00389F2E;
			productRefGroup = BF3A8DD9226019AA00389F2E /* Products */;
			projectDirPath = "";
			projectRoot = "";
			targets = (
				BF3A8DD7226019AA00389F2E /* sfml_clt */,
			);
		};
/* End PBXProject section */

/* Begin PBXSourcesBuildPhase section */
		BF3A8DD5226019AA00389F2E /* Sources */ = {
			isa = PBXSourcesBuildPhase;
			buildActionMask = 2147483647;
			files = (
				BF3A8DDC226019AA00389F2E /* main.cpp in Sources */,
			);
			runOnlyForDeploymentPostprocessing = 0;
		};
/* End PBXSourcesBuildPhase section */

/* Begin XCBuildConfiguration section */
		BF3A8DE2226019AA00389F2E /* Debug */ = {
			isa = XCBuildConfiguration;
			buildSettings = {
				ARCHS = "$(NATIVE_ARCH_ACTUAL)";
				CLANG_CXX_LANGUAGE_STANDARD = "c++11";
				CLANG_CXX_LIBRARY = "libc++";
				FRAMEWORK_SEARCH_PATHS = (
					/Library/Frameworks/,
					"$(inherited)",
				);
				GCC_VERSION = com.apple.compilers.llvm.clang.1_0;
				HEADER_SEARCH_PATHS = (
					/usr/local/include/,
					"$(inherited)",
				);
				LIBRARY_SEARCH_PATHS = (
					/usr/local/lib/,
					"$(inherited)",
				);
				MACOSX_DEPLOYMENT_TARGET = 10.7;
				OTHER_LDFLAGS = (
					"$(inherited)",
					"$(SFML_SYSTEM)",
					"$(SFML_WINDOW)",
					"$(SFML_GRAPHICS)",
					"$(SFML_AUDIO)",
					"$(SFML_NETWORK)",
				);
				SFML_AUDIO = "$(SFML_LINK_PREFIX) sfml-audio$(SFML_LINK_SUFFIX)";
				SFML_BINARY_TYPE = FRAMEWORKS;
				SFML_GRAPHICS = "$(SFML_LINK_PREFIX) sfml-graphics$(SFML_LINK_SUFFIX)";
				SFML_LINK_DYLIBS_PREFIX = "-l";
				SFML_LINK_DYLIBS_SUFFIX = "";
				SFML_LINK_FRAMEWORKS_PREFIX = "-framework";
				SFML_LINK_FRAMEWORKS_SUFFIX = "";
				SFML_LINK_PREFIX = "$(SFML_LINK_$(SFML_BINARY_TYPE)_PREFIX)";
				SFML_LINK_SUFFIX = "$(SFML_LINK_$(SFML_BINARY_TYPE)_SUFFIX)";
				SFML_NETWORK = "$(SFML_LINK_PREFIX) sfml-network$(SFML_LINK_SUFFIX)";
				SFML_SYSTEM = "$(SFML_LINK_PREFIX) sfml-system$(SFML_LINK_SUFFIX)";
				SFML_WINDOW = "$(SFML_LINK_PREFIX) sfml-window$(SFML_LINK_SUFFIX)";
				SUPPORTED_PLATFORMS = macosx;
			};
			name = Debug;
		};
		BF3A8DE3226019AA00389F2E /* Release */ = {
			isa = XCBuildConfiguration;
			buildSettings = {
				ARCHS = "$(NATIVE_ARCH_ACTUAL)";
				CLANG_CXX_LANGUAGE_STANDARD = "c++11";
				CLANG_CXX_LIBRARY = "libc++";
				FRAMEWORK_SEARCH_PATHS = (
					/Library/Frameworks/,
					"$(inherited)",
				);
				GCC_VERSION = com.apple.compilers.llvm.clang.1_0;
				HEADER_SEARCH_PATHS = (
					/usr/local/include/,
					"$(inherited)",
				);
				LIBRARY_SEARCH_PATHS = (
					/usr/local/lib/,
					"$(inherited)",
				);
				MACOSX_DEPLOYMENT_TARGET = 10.7;
				OTHER_LDFLAGS = (
					"$(inherited)",
					"$(SFML_SYSTEM)",
					"$(SFML_WINDOW)",
					"$(SFML_GRAPHICS)",
					"$(SFML_AUDIO)",
					"$(SFML_NETWORK)",
				);
				SFML_AUDIO = "$(SFML_LINK_PREFIX) sfml-audio$(SFML_LINK_SUFFIX)";
				SFML_BINARY_TYPE = FRAMEWORKS;
				SFML_GRAPHICS = "$(SFML_LINK_PREFIX) sfml-graphics$(SFML_LINK_SUFFIX)";
				SFML_LINK_DYLIBS_PREFIX = "-l";
				SFML_LINK_DYLIBS_SUFFIX = "";
				SFML_LINK_FRAMEWORKS_PREFIX = "-framework";
				SFML_LINK_FRAMEWORKS_SUFFIX = "";
				SFML_LINK_PREFIX = "$(SFML_LINK_$(SFML_BINARY_TYPE)_PREFIX)";
				SFML_LINK_SUFFIX = "$(SFML_LINK_$(SFML_BINARY_TYPE)_SUFFIX)";
				SFML_NETWORK = "$(SFML_LINK_PREFIX) sfml-network$(SFML_LINK_SUFFIX)";
				SFML_SYSTEM = "$(SFML_LINK_PREFIX) sfml-system$(SFML_LINK_SUFFIX)";
				SFML_WINDOW = "$(SFML_LINK_PREFIX) sfml-window$(SFML_LINK_SUFFIX)";
				SUPPORTED_PLATFORMS = macosx;
			};
			name = Release;
		};
		BF3A8DE5226019AA00389F2E /* Debug */ = {
			isa = XCBuildConfiguration;
			buildSettings = {
				CODE_SIGN_STYLE = Automatic;
				PRODUCT_NAME = "$(TARGET_NAME)";
			};
			name = Debug;
		};
		BF3A8DE6226019AA00389F2E /* Release */ = {
			isa = XCBuildConfiguration;
			buildSettings = {
				CODE_SIGN_STYLE = Automatic;
				PRODUCT_NAME = "$(TARGET_NAME)";
			};
			name = Release;
		};
/* End XCBuildConfiguration section */

/* Begin XCConfigurationList section */
		BF3A8DD4226019AA00389F2E /* Build configuration list for PBXProject "sfml_clt" */ = {
			isa = XCConfigurationList;
			buildConfigurations = (
				BF3A8DE2226019AA00389F2E /* Debug */,
				BF3A8DE3226019AA00389F2E /* Release */,
			);
			defaultConfigurationIsVisible = 0;
			defaultConfigurationName = Release;
		};
		BF3A8DE4226019AA00389F2E /* Build configuration list for PBXNativeTarget "sfml_clt" */ = {
			isa = XCConfigurationList;
			buildConfigurations = (
				BF3A8DE5226019AA00389F2E /* Debug */,
				BF3A8DE6226019AA00389F2E /* Release */,
			);
			defaultConfigurationIsVisible = 0;
			defaultConfigurationName = Release;
		};
/* End XCConfigurationList section */
	};
	rootObject = BF3A8DD1226019AA00389F2E /* Project object */;
}
